
Microsoft Visual Studio Solution File, Format Version 12.00
# Visual Studio Version 17
VisualStudioVersion = 17.2.32630.192
MinimumVisualStudioVersion = 10.0.40219.1
Project("{9A19103F-16F7-4668-BE54-9A1E7A4F7556}") = "R5T.F0107.Construction", "R5T.F0107.Construction\R5T.F0107.Construction.csproj", "{F3216209-9DF2-4C40-B55B-FCAB737E1011}"
EndProject
Project("{9A19103F-16F7-4668-BE54-9A1E7A4F7556}") = "R5T.F0107", "R5T.F0107\R5T.F0107.csproj", "{0CDB9EEC-DF6C-426E-B6B6-C5BB48B61336}"
EndProject
Global
	GlobalSection(SolutionConfigurationPlatforms) = preSolution
		Debug|Any CPU = Debug|Any CPU
		Release|Any CPU = Release|Any CPU
	EndGlobalSection
	GlobalSection(ProjectConfigurationPlatforms) = postSolution
		{F3216209-9DF2-4C40-B55B-FCAB737E1011}.Debug|Any CPU.ActiveCfg = Debug|Any CPU
		{F3216209-9DF2-4C40-B55B-FCAB737E1011}.Debug|Any CPU.Build.0 = Debug|Any CPU
		{F3216209-9DF2-4C40-B55B-FCAB737E1011}.Release|Any CPU.ActiveCfg = Release|Any CPU
		{F3216209-9DF2-4C40-B55B-FCAB737E1011}.Release|Any CPU.Build.0 = Release|Any CPU
		{0CDB9EEC-DF6C-426E-B6B6-C5BB48B61336}.Debug|Any CPU.ActiveCfg = Debug|Any CPU
		{0CDB9EEC-DF6C-426E-B6B6-C5BB48B61336}.Debug|Any CPU.Build.0 = Debug|Any CPU
		{0CDB9EEC-DF6C-426E-B6B6-C5BB48B61336}.Release|Any CPU.ActiveCfg = Release|Any CPU
		{0CDB9EEC-DF6C-426E-B6B6-C5BB48B61336}.Release|Any CPU.Build.0 = Release|Any CPU
	EndGlobalSection
	GlobalSection(SolutionProperties) = preSolution
		HideSolutionNode = FALSE
	EndGlobalSection
	GlobalSection(ExtensibilityGlobals) = postSolution
		SolutionGuid = {EDEEE6B0-117E-4369-BAA2-31069BCC7E42}
	EndGlobalSection
EndGlobal
