
Microsoft Visual Studio Solution File, Format Version 12.00
# Visual Studio Version 17
VisualStudioVersion = 17.2.32630.192
MinimumVisualStudioVersion = 10.0.40219.1
Project("{9A19103F-16F7-4668-BE54-9A1E7A4F7556}") = "R5T.F0107", "R5T.F0107\R5T.F0107.csproj", "{F4F8B77C-9D09-443F-BA86-0177B5EA5A22}"
EndProject
Global
	GlobalSection(SolutionConfigurationPlatforms) = preSolution
		Debug|Any CPU = Debug|Any CPU
		Release|Any CPU = Release|Any CPU
	EndGlobalSection
	GlobalSection(ProjectConfigurationPlatforms) = postSolution
		{F4F8B77C-9D09-443F-BA86-0177B5EA5A22}.Debug|Any CPU.ActiveCfg = Debug|Any CPU
		{F4F8B77C-9D09-443F-BA86-0177B5EA5A22}.Debug|Any CPU.Build.0 = Debug|Any CPU
		{F4F8B77C-9D09-443F-BA86-0177B5EA5A22}.Release|Any CPU.ActiveCfg = Release|Any CPU
		{F4F8B77C-9D09-443F-BA86-0177B5EA5A22}.Release|Any CPU.Build.0 = Release|Any CPU
	EndGlobalSection
	GlobalSection(SolutionProperties) = preSolution
		HideSolutionNode = FALSE
	EndGlobalSection
	GlobalSection(ExtensibilityGlobals) = postSolution
		SolutionGuid = {0AACB1AD-E3EA-47BC-A368-BD2E8688C897}
	EndGlobalSection
EndGlobal
