
Microsoft Visual Studio Solution File, Format Version 12.00
# Visual Studio Version 17
VisualStudioVersion = 17.2.32630.192
MinimumVisualStudioVersion = 10.0.40219.1
Project("{9A19103F-16F7-4668-BE54-9A1E7A4F7556}") = "R5T.F0107.Construction", "R5T.F0107.Construction\R5T.F0107.Construction.csproj", "{F3216209-9DF2-4C40-B55B-FCAB737E1011}"
EndProject
Project("{9A19103F-16F7-4668-BE54-9A1E7A4F7556}") = "R5T.F0107", "R5T.F0107\R5T.F0107.csproj", "{0CDB9EEC-DF6C-426E-B6B6-C5BB48B61336}"
EndProject
Project("{2150E333-8FDC-42A3-9474-1A3956D46DE8}") = "_Dependencies", "_Dependencies", "{3C858399-EBFC-4E43-9FDA-E65E7BB0A6B9}"
EndProject
Project("{9A19103F-16F7-4668-BE54-9A1E7A4F7556}") = "R5T.T0143", "..\..\R5T.T0143\source\R5T.T0143\R5T.T0143.csproj", "{20C9CCEA-67E5-47CB-9BA1-7093E66E99DD}"
EndProject
Project("{9A19103F-16F7-4668-BE54-9A1E7A4F7556}") = "R5T.T0150", "..\..\R5T.T0150\source\R5T.T0150\R5T.T0150.csproj", "{DB91B14E-50BB-4879-8273-0FA594247B49}"
EndProject
Project("{9A19103F-16F7-4668-BE54-9A1E7A4F7556}") = "R5T.T0151", "..\..\R5T.T0151\source\R5T.T0151\R5T.T0151.csproj", "{05BBB382-71C3-4686-A696-ABE6E9DBC905}"
EndProject
Project("{9A19103F-16F7-4668-BE54-9A1E7A4F7556}") = "R5T.T0164", "..\..\R5T.T0164\source\R5T.T0164\R5T.T0164.csproj", "{7A95AA56-75E7-4B81-8B3B-5B901970FD86}"
EndProject
Project("{9A19103F-16F7-4668-BE54-9A1E7A4F7556}") = "R5T.T0132", "..\..\R5T.T0132\source\R5T.T0132\R5T.T0132.csproj", "{5F5F2C38-A2FC-4D78-BBD6-ACC6B0F80A4F}"
EndProject
Global
	GlobalSection(NestedProjects) = preSolution
		{20C9CCEA-67E5-47CB-9BA1-7093E66E99DD} = {3C858399-EBFC-4E43-9FDA-E65E7BB0A6B9}
		{DB91B14E-50BB-4879-8273-0FA594247B49} = {3C858399-EBFC-4E43-9FDA-E65E7BB0A6B9}
		{05BBB382-71C3-4686-A696-ABE6E9DBC905} = {3C858399-EBFC-4E43-9FDA-E65E7BB0A6B9}
		{7A95AA56-75E7-4B81-8B3B-5B901970FD86} = {3C858399-EBFC-4E43-9FDA-E65E7BB0A6B9}
		{5F5F2C38-A2FC-4D78-BBD6-ACC6B0F80A4F} = {3C858399-EBFC-4E43-9FDA-E65E7BB0A6B9}
	EndGlobalSection
	GlobalSection(SolutionConfigurationPlatforms) = preSolution
		Debug|Any CPU = Debug|Any CPU
		Release|Any CPU = Release|Any CPU
	EndGlobalSection
	GlobalSection(ProjectConfigurationPlatforms) = postSolution
		{F3216209-9DF2-4C40-B55B-FCAB737E1011}.Debug|Any CPU.ActiveCfg = Debug|Any CPU
		{F3216209-9DF2-4C40-B55B-FCAB737E1011}.Debug|Any CPU.Build.0 = Debug|Any CPU
		{F3216209-9DF2-4C40-B55B-FCAB737E1011}.Release|Any CPU.ActiveCfg = Release|Any CPU
		{F3216209-9DF2-4C40-B55B-FCAB737E1011}.Release|Any CPU.Build.0 = Release|Any CPU
		{0CDB9EEC-DF6C-426E-B6B6-C5BB48B61336}.Debug|Any CPU.ActiveCfg = Debug|Any CPU
		{0CDB9EEC-DF6C-426E-B6B6-C5BB48B61336}.Debug|Any CPU.Build.0 = Debug|Any CPU
		{0CDB9EEC-DF6C-426E-B6B6-C5BB48B61336}.Release|Any CPU.ActiveCfg = Release|Any CPU
		{0CDB9EEC-DF6C-426E-B6B6-C5BB48B61336}.Release|Any CPU.Build.0 = Release|Any CPU
		{20C9CCEA-67E5-47CB-9BA1-7093E66E99DD}.Debug|Any CPU.ActiveCfg = Debug|Any CPU
		{20C9CCEA-67E5-47CB-9BA1-7093E66E99DD}.Debug|Any CPU.Build.0 = Debug|Any CPU
		{20C9CCEA-67E5-47CB-9BA1-7093E66E99DD}.Release|Any CPU.ActiveCfg = Release|Any CPU
		{20C9CCEA-67E5-47CB-9BA1-7093E66E99DD}.Release|Any CPU.Build.0 = Release|Any CPU
		{DB91B14E-50BB-4879-8273-0FA594247B49}.Debug|Any CPU.ActiveCfg = Debug|Any CPU
		{DB91B14E-50BB-4879-8273-0FA594247B49}.Debug|Any CPU.Build.0 = Debug|Any CPU
		{DB91B14E-50BB-4879-8273-0FA594247B49}.Release|Any CPU.ActiveCfg = Release|Any CPU
		{DB91B14E-50BB-4879-8273-0FA594247B49}.Release|Any CPU.Build.0 = Release|Any CPU
		{05BBB382-71C3-4686-A696-ABE6E9DBC905}.Debug|Any CPU.ActiveCfg = Debug|Any CPU
		{05BBB382-71C3-4686-A696-ABE6E9DBC905}.Debug|Any CPU.Build.0 = Debug|Any CPU
		{05BBB382-71C3-4686-A696-ABE6E9DBC905}.Release|Any CPU.ActiveCfg = Release|Any CPU
		{05BBB382-71C3-4686-A696-ABE6E9DBC905}.Release|Any CPU.Build.0 = Release|Any CPU
		{7A95AA56-75E7-4B81-8B3B-5B901970FD86}.Debug|Any CPU.ActiveCfg = Debug|Any CPU
		{7A95AA56-75E7-4B81-8B3B-5B901970FD86}.Debug|Any CPU.Build.0 = Debug|Any CPU
		{7A95AA56-75E7-4B81-8B3B-5B901970FD86}.Release|Any CPU.ActiveCfg = Release|Any CPU
		{7A95AA56-75E7-4B81-8B3B-5B901970FD86}.Release|Any CPU.Build.0 = Release|Any CPU
		{5F5F2C38-A2FC-4D78-BBD6-ACC6B0F80A4F}.Debug|Any CPU.ActiveCfg = Debug|Any CPU
		{5F5F2C38-A2FC-4D78-BBD6-ACC6B0F80A4F}.Debug|Any CPU.Build.0 = Debug|Any CPU
		{5F5F2C38-A2FC-4D78-BBD6-ACC6B0F80A4F}.Release|Any CPU.ActiveCfg = Release|Any CPU
		{5F5F2C38-A2FC-4D78-BBD6-ACC6B0F80A4F}.Release|Any CPU.Build.0 = Release|Any CPU
	EndGlobalSection
	GlobalSection(SolutionProperties) = preSolution
		HideSolutionNode = FALSE
	EndGlobalSection
	GlobalSection(ExtensibilityGlobals) = postSolution
		SolutionGuid = {EDEEE6B0-117E-4369-BAA2-31069BCC7E42}
	EndGlobalSection
EndGlobal
