
Microsoft Visual Studio Solution File, Format Version 12.00
# Visual Studio Version 17
VisualStudioVersion = 17.2.32630.192
MinimumVisualStudioVersion = 10.0.40219.1
Project("{9A19103F-16F7-4668-BE54-9A1E7A4F7556}") = "R5T.F0107", "R5T.F0107\R5T.F0107.csproj", "{F4F8B77C-9D09-443F-BA86-0177B5EA5A22}"
EndProject
Project("{2150E333-8FDC-42A3-9474-1A3956D46DE8}") = "_Dependencies", "_Dependencies", "{90B8A12A-586F-4C61-84AB-21C5323F2A1D}"
EndProject
Project("{9A19103F-16F7-4668-BE54-9A1E7A4F7556}") = "R5T.T0143", "..\..\R5T.T0143\source\R5T.T0143\R5T.T0143.csproj", "{8B8F5165-B74A-4E5B-A82B-E34E8DD9A6C7}"
EndProject
Project("{9A19103F-16F7-4668-BE54-9A1E7A4F7556}") = "R5T.T0150", "..\..\R5T.T0150\source\R5T.T0150\R5T.T0150.csproj", "{CE3A973A-8EC7-45DE-8828-970C742C8D1D}"
EndProject
Project("{9A19103F-16F7-4668-BE54-9A1E7A4F7556}") = "R5T.T0151", "..\..\R5T.T0151\source\R5T.T0151\R5T.T0151.csproj", "{9C2A79EA-EB05-4730-8ADA-36C09FF2C2AB}"
EndProject
Project("{9A19103F-16F7-4668-BE54-9A1E7A4F7556}") = "R5T.T0164", "..\..\R5T.T0164\source\R5T.T0164\R5T.T0164.csproj", "{E53B1504-0EC0-4461-AD68-422075351CF4}"
EndProject
Project("{9A19103F-16F7-4668-BE54-9A1E7A4F7556}") = "R5T.T0132", "..\..\R5T.T0132\source\R5T.T0132\R5T.T0132.csproj", "{A61E246B-C2FB-4C3F-868A-24AFFBD47929}"
EndProject
Project("{9A19103F-16F7-4668-BE54-9A1E7A4F7556}") = "R5T.Z0000", "..\..\R5T.Z0000\source\R5T.Z0000\R5T.Z0000.csproj", "{8EB1A6D8-6A8B-4572-8174-2B2756D6E8AB}"
EndProject
Project("{9A19103F-16F7-4668-BE54-9A1E7A4F7556}") = "R5T.F0000", "..\..\R5T.F0000\source\R5T.F0000\R5T.F0000.csproj", "{51331CE8-5E7E-4689-99AD-A7184E3BD3CD}"
EndProject
Global
	GlobalSection(SolutionConfigurationPlatforms) = preSolution
		Debug|Any CPU = Debug|Any CPU
		Release|Any CPU = Release|Any CPU
	EndGlobalSection
	GlobalSection(ProjectConfigurationPlatforms) = postSolution
		{F4F8B77C-9D09-443F-BA86-0177B5EA5A22}.Debug|Any CPU.ActiveCfg = Debug|Any CPU
		{F4F8B77C-9D09-443F-BA86-0177B5EA5A22}.Debug|Any CPU.Build.0 = Debug|Any CPU
		{F4F8B77C-9D09-443F-BA86-0177B5EA5A22}.Release|Any CPU.ActiveCfg = Release|Any CPU
		{F4F8B77C-9D09-443F-BA86-0177B5EA5A22}.Release|Any CPU.Build.0 = Release|Any CPU
		{8B8F5165-B74A-4E5B-A82B-E34E8DD9A6C7}.Debug|Any CPU.ActiveCfg = Debug|Any CPU
		{8B8F5165-B74A-4E5B-A82B-E34E8DD9A6C7}.Debug|Any CPU.Build.0 = Debug|Any CPU
		{8B8F5165-B74A-4E5B-A82B-E34E8DD9A6C7}.Release|Any CPU.ActiveCfg = Release|Any CPU
		{8B8F5165-B74A-4E5B-A82B-E34E8DD9A6C7}.Release|Any CPU.Build.0 = Release|Any CPU
		{CE3A973A-8EC7-45DE-8828-970C742C8D1D}.Debug|Any CPU.ActiveCfg = Debug|Any CPU
		{CE3A973A-8EC7-45DE-8828-970C742C8D1D}.Debug|Any CPU.Build.0 = Debug|Any CPU
		{CE3A973A-8EC7-45DE-8828-970C742C8D1D}.Release|Any CPU.ActiveCfg = Release|Any CPU
		{CE3A973A-8EC7-45DE-8828-970C742C8D1D}.Release|Any CPU.Build.0 = Release|Any CPU
		{9C2A79EA-EB05-4730-8ADA-36C09FF2C2AB}.Debug|Any CPU.ActiveCfg = Debug|Any CPU
		{9C2A79EA-EB05-4730-8ADA-36C09FF2C2AB}.Debug|Any CPU.Build.0 = Debug|Any CPU
		{9C2A79EA-EB05-4730-8ADA-36C09FF2C2AB}.Release|Any CPU.ActiveCfg = Release|Any CPU
		{9C2A79EA-EB05-4730-8ADA-36C09FF2C2AB}.Release|Any CPU.Build.0 = Release|Any CPU
		{E53B1504-0EC0-4461-AD68-422075351CF4}.Debug|Any CPU.ActiveCfg = Debug|Any CPU
		{E53B1504-0EC0-4461-AD68-422075351CF4}.Debug|Any CPU.Build.0 = Debug|Any CPU
		{E53B1504-0EC0-4461-AD68-422075351CF4}.Release|Any CPU.ActiveCfg = Release|Any CPU
		{E53B1504-0EC0-4461-AD68-422075351CF4}.Release|Any CPU.Build.0 = Release|Any CPU
		{A61E246B-C2FB-4C3F-868A-24AFFBD47929}.Debug|Any CPU.ActiveCfg = Debug|Any CPU
		{A61E246B-C2FB-4C3F-868A-24AFFBD47929}.Debug|Any CPU.Build.0 = Debug|Any CPU
		{A61E246B-C2FB-4C3F-868A-24AFFBD47929}.Release|Any CPU.ActiveCfg = Release|Any CPU
		{A61E246B-C2FB-4C3F-868A-24AFFBD47929}.Release|Any CPU.Build.0 = Release|Any CPU
		{8EB1A6D8-6A8B-4572-8174-2B2756D6E8AB}.Debug|Any CPU.ActiveCfg = Debug|Any CPU
		{8EB1A6D8-6A8B-4572-8174-2B2756D6E8AB}.Debug|Any CPU.Build.0 = Debug|Any CPU
		{8EB1A6D8-6A8B-4572-8174-2B2756D6E8AB}.Release|Any CPU.ActiveCfg = Release|Any CPU
		{8EB1A6D8-6A8B-4572-8174-2B2756D6E8AB}.Release|Any CPU.Build.0 = Release|Any CPU
		{51331CE8-5E7E-4689-99AD-A7184E3BD3CD}.Debug|Any CPU.ActiveCfg = Debug|Any CPU
		{51331CE8-5E7E-4689-99AD-A7184E3BD3CD}.Debug|Any CPU.Build.0 = Debug|Any CPU
		{51331CE8-5E7E-4689-99AD-A7184E3BD3CD}.Release|Any CPU.ActiveCfg = Release|Any CPU
		{51331CE8-5E7E-4689-99AD-A7184E3BD3CD}.Release|Any CPU.Build.0 = Release|Any CPU
	EndGlobalSection
	GlobalSection(SolutionProperties) = preSolution
		HideSolutionNode = FALSE
	EndGlobalSection
	GlobalSection(NestedProjects) = preSolution
		{8B8F5165-B74A-4E5B-A82B-E34E8DD9A6C7} = {90B8A12A-586F-4C61-84AB-21C5323F2A1D}
		{CE3A973A-8EC7-45DE-8828-970C742C8D1D} = {90B8A12A-586F-4C61-84AB-21C5323F2A1D}
		{9C2A79EA-EB05-4730-8ADA-36C09FF2C2AB} = {90B8A12A-586F-4C61-84AB-21C5323F2A1D}
		{E53B1504-0EC0-4461-AD68-422075351CF4} = {90B8A12A-586F-4C61-84AB-21C5323F2A1D}
		{A61E246B-C2FB-4C3F-868A-24AFFBD47929} = {90B8A12A-586F-4C61-84AB-21C5323F2A1D}
		{8EB1A6D8-6A8B-4572-8174-2B2756D6E8AB} = {90B8A12A-586F-4C61-84AB-21C5323F2A1D}
		{51331CE8-5E7E-4689-99AD-A7184E3BD3CD} = {90B8A12A-586F-4C61-84AB-21C5323F2A1D}
	EndGlobalSection
	GlobalSection(ExtensibilityGlobals) = postSolution
		SolutionGuid = {0AACB1AD-E3EA-47BC-A368-BD2E8688C897}
	EndGlobalSection
EndGlobal
